// !$*UTF8*$!
{
	archiveVersion = 1;
	classes = {
	};
	objectVersion = 46;
	objects = {

/* Begin PBXBuildFile section */
		9310BCBD1D6B9E4700C93AFA /* res in Resources */ = {isa = PBXBuildFile; fileRef = 9310BCBC1D6B9E4700C93AFA /* res */; };
		9315AB341D6BB56D00BEBCD3 /* README.md in Sources */ = {isa = PBXBuildFile; fileRef = 9315AB331D6BB56D00BEBCD3 /* README.md */; };
		9328AF6A1D6616C700E6B0E2 /* AppDelegate.swift in Sources */ = {isa = PBXBuildFile; fileRef = 9328AF691D6616C700E6B0E2 /* AppDelegate.swift */; };
		9328AF6C1D6616C700E6B0E2 /* ViewController.swift in Sources */ = {isa = PBXBuildFile; fileRef = 9328AF6B1D6616C700E6B0E2 /* ViewController.swift */; };
		9328AF6F1D6616C700E6B0E2 /* Main.storyboard in Resources */ = {isa = PBXBuildFile; fileRef = 9328AF6D1D6616C700E6B0E2 /* Main.storyboard */; };
		9328AF711D6616C700E6B0E2 /* Assets.xcassets in Resources */ = {isa = PBXBuildFile; fileRef = 9328AF701D6616C700E6B0E2 /* Assets.xcassets */; };
		9328AF7F1D6616C700E6B0E2 /* Gasteizko_MargolariakTests.swift in Sources */ = {isa = PBXBuildFile; fileRef = 9328AF7E1D6616C700E6B0E2 /* Gasteizko_MargolariakTests.swift */; };
		9328AF8A1D6616C700E6B0E2 /* Gasteizko_MargolariakUITests.swift in Sources */ = {isa = PBXBuildFile; fileRef = 9328AF891D6616C700E6B0E2 /* Gasteizko_MargolariakUITests.swift */; };
		9338BE0D1D6B840D00D2735B /* MainViewController.swift in Sources */ = {isa = PBXBuildFile; fileRef = 9338BE0C1D6B840D00D2735B /* MainViewController.swift */; };
		9338BE0F1D6B84D700D2735B /* SlideMenuController.swift in Sources */ = {isa = PBXBuildFile; fileRef = 9338BE0E1D6B84D700D2735B /* SlideMenuController.swift */; };
		9338BE121D6B8D9A00D2735B /* LeftViewController.swift in Sources */ = {isa = PBXBuildFile; fileRef = 9338BE101D6B8D9A00D2735B /* LeftViewController.swift */; };
		9338BE151D6B8E3000D2735B /* ImageHeaderView.swift in Sources */ = {isa = PBXBuildFile; fileRef = 9338BE141D6B8E3000D2735B /* ImageHeaderView.swift */; };
		93B05E291D6BA1EF00D909F9 /* HomeViewController.swift in Sources */ = {isa = PBXBuildFile; fileRef = 93B05E281D6BA1EF00D909F9 /* HomeViewController.swift */; };
		93B05E2B1D6BA23A00D909F9 /* LocationViewController.swift in Sources */ = {isa = PBXBuildFile; fileRef = 93B05E2A1D6BA23A00D909F9 /* LocationViewController.swift */; };
		93B05E2D1D6BA27200D909F9 /* LablancaViewController.swift in Sources */ = {isa = PBXBuildFile; fileRef = 93B05E2C1D6BA27200D909F9 /* LablancaViewController.swift */; };
		93B05E2F1D6BA29A00D909F9 /* ScheduleViewController.swift in Sources */ = {isa = PBXBuildFile; fileRef = 93B05E2E1D6BA29A00D909F9 /* ScheduleViewController.swift */; };
		93B05E311D6BA2BD00D909F9 /* GmscheduleViewController.swift in Sources */ = {isa = PBXBuildFile; fileRef = 93B05E301D6BA2BD00D909F9 /* GmscheduleViewController.swift */; };
		93B05E331D6BA2E600D909F9 /* ActivitiesViewController.swift in Sources */ = {isa = PBXBuildFile; fileRef = 93B05E321D6BA2E600D909F9 /* ActivitiesViewController.swift */; };
		93B05E351D6BA30E00D909F9 /* BlogViewController.swift in Sources */ = {isa = PBXBuildFile; fileRef = 93B05E341D6BA30E00D909F9 /* BlogViewController.swift */; };
		93B05E371D6BA33600D909F9 /* GalleryViewController.swift in Sources */ = {isa = PBXBuildFile; fileRef = 93B05E361D6BA33600D909F9 /* GalleryViewController.swift */; };
		93B05E391D6BA35200D909F9 /* SettingsViewController.swift in Sources */ = {isa = PBXBuildFile; fileRef = 93B05E381D6BA35200D909F9 /* SettingsViewController.swift */; };
		93B2BE831D6B8F05007CBED3 /* BaseTableViewCell.swift in Sources */ = {isa = PBXBuildFile; fileRef = 93B2BE7F1D6B8F05007CBED3 /* BaseTableViewCell.swift */; };
		93B2BE971D6B8F9D007CBED3 /* DataTableViewCell.swift in Sources */ = {isa = PBXBuildFile; fileRef = 93B2BE871D6B8F9C007CBED3 /* DataTableViewCell.swift */; };
		93B2BE981D6B8F9D007CBED3 /* DataTableViewCell.xib in Resources */ = {isa = PBXBuildFile; fileRef = 93B2BE881D6B8F9C007CBED3 /* DataTableViewCell.xib */; };
		93B2BE991D6B8F9D007CBED3 /* ExSlideMenuController.swift in Sources */ = {isa = PBXBuildFile; fileRef = 93B2BE891D6B8F9C007CBED3 /* ExSlideMenuController.swift */; };
		93B2BE9A1D6B8F9D007CBED3 /* ImageHeaderView.xib in Resources */ = {isa = PBXBuildFile; fileRef = 93B2BE8A1D6B8F9C007CBED3 /* ImageHeaderView.xib */; };
		93B2BE9B1D6B8F9D007CBED3 /* SlideMenuControllerSwift.xcdatamodeld in Sources */ = {isa = PBXBuildFile; fileRef = 93B2BE8B1D6B8F9C007CBED3 /* SlideMenuControllerSwift.xcdatamodeld */; };
		93B2BE9C1D6B8F9D007CBED3 /* String.swift in Sources */ = {isa = PBXBuildFile; fileRef = 93B2BE8D1D6B8F9D007CBED3 /* String.swift */; };
		93B2BE9D1D6B8F9D007CBED3 /* SubContentsViewController.storyboard in Resources */ = {isa = PBXBuildFile; fileRef = 93B2BE8E1D6B8F9D007CBED3 /* SubContentsViewController.storyboard */; };
		93B2BE9E1D6B8F9D007CBED3 /* SubContentsViewController.swift in Sources */ = {isa = PBXBuildFile; fileRef = 93B2BE8F1D6B8F9D007CBED3 /* SubContentsViewController.swift */; };
		93B2BE9F1D6B8F9D007CBED3 /* UIApplication.swift in Sources */ = {isa = PBXBuildFile; fileRef = 93B2BE901D6B8F9D007CBED3 /* UIApplication.swift */; };
		93B2BEA01D6B8F9D007CBED3 /* UIColor.swift in Sources */ = {isa = PBXBuildFile; fileRef = 93B2BE911D6B8F9D007CBED3 /* UIColor.swift */; };
		93B2BEA11D6B8F9D007CBED3 /* UIImage.swift in Sources */ = {isa = PBXBuildFile; fileRef = 93B2BE921D6B8F9D007CBED3 /* UIImage.swift */; };
		93B2BEA21D6B8F9D007CBED3 /* UIImageView.swift in Sources */ = {isa = PBXBuildFile; fileRef = 93B2BE931D6B8F9D007CBED3 /* UIImageView.swift */; };
		93B2BEA31D6B8F9D007CBED3 /* UITableViewExtension.swift in Sources */ = {isa = PBXBuildFile; fileRef = 93B2BE941D6B8F9D007CBED3 /* UITableViewExtension.swift */; };
		93B2BEA41D6B8F9D007CBED3 /* UIView.swift in Sources */ = {isa = PBXBuildFile; fileRef = 93B2BE951D6B8F9D007CBED3 /* UIView.swift */; };
		93B2BEA51D6B8F9D007CBED3 /* UIViewController.swift in Sources */ = {isa = PBXBuildFile; fileRef = 93B2BE961D6B8F9D007CBED3 /* UIViewController.swift */; };
		93B2BEAC1D6B8FEA007CBED3 /* Assets.xcassets in Resources */ = {isa = PBXBuildFile; fileRef = 93B2BEA61D6B8FEA007CBED3 /* Assets.xcassets */; };
		93B2BEAD1D6B8FEA007CBED3 /* Base.lproj in Resources */ = {isa = PBXBuildFile; fileRef = 93B2BEA71D6B8FEA007CBED3 /* Base.lproj */; };
		93B2BEAE1D6B8FEA007CBED3 /* Images.xcassets in Resources */ = {isa = PBXBuildFile; fileRef = 93B2BEA81D6B8FEA007CBED3 /* Images.xcassets */; };
		93B2BEB01D6B8FEA007CBED3 /* SlideMenuControllerSwift.xcdatamodeld in Sources */ = {isa = PBXBuildFile; fileRef = 93B2BEAA1D6B8FEA007CBED3 /* SlideMenuControllerSwift.xcdatamodeld */; };
/* End PBXBuildFile section */

/* Begin PBXContainerItemProxy section */
		9328AF7B1D6616C700E6B0E2 /* PBXContainerItemProxy */ = {
			isa = PBXContainerItemProxy;
			containerPortal = 9328AF5E1D6616C700E6B0E2 /* Project object */;
			proxyType = 1;
			remoteGlobalIDString = 9328AF651D6616C700E6B0E2;
			remoteInfo = "Gasteizko Margolariak";
		};
		9328AF861D6616C700E6B0E2 /* PBXContainerItemProxy */ = {
			isa = PBXContainerItemProxy;
			containerPortal = 9328AF5E1D6616C700E6B0E2 /* Project object */;
			proxyType = 1;
			remoteGlobalIDString = 9328AF651D6616C700E6B0E2;
			remoteInfo = "Gasteizko Margolariak";
		};
/* End PBXContainerItemProxy section */

/* Begin PBXFileReference section */
		9310BCBC1D6B9E4700C93AFA /* res */ = {isa = PBXFileReference; lastKnownFileType = folder; path = res; sourceTree = "<group>"; };
		9315AB331D6BB56D00BEBCD3 /* README.md */ = {isa = PBXFileReference; fileEncoding = 4; lastKnownFileType = net.daringfireball.markdown; path = README.md; sourceTree = "<group>"; };
		9328AF661D6616C700E6B0E2 /* Gasteizko Margolariak.app */ = {isa = PBXFileReference; explicitFileType = wrapper.application; includeInIndex = 0; path = "Gasteizko Margolariak.app"; sourceTree = BUILT_PRODUCTS_DIR; };
		9328AF691D6616C700E6B0E2 /* AppDelegate.swift */ = {isa = PBXFileReference; lastKnownFileType = sourcecode.swift; path = AppDelegate.swift; sourceTree = "<group>"; };
		9328AF6B1D6616C700E6B0E2 /* ViewController.swift */ = {isa = PBXFileReference; lastKnownFileType = sourcecode.swift; path = ViewController.swift; sourceTree = "<group>"; };
		9328AF6E1D6616C700E6B0E2 /* Base */ = {isa = PBXFileReference; lastKnownFileType = file.storyboard; name = Base; path = Base.lproj/Main.storyboard; sourceTree = "<group>"; };
		9328AF701D6616C700E6B0E2 /* Assets.xcassets */ = {isa = PBXFileReference; lastKnownFileType = folder.assetcatalog; path = Assets.xcassets; sourceTree = "<group>"; };
		9328AF731D6616C700E6B0E2 /* Base */ = {isa = PBXFileReference; lastKnownFileType = file.storyboard; name = Base; path = Base.lproj/LaunchScreen.storyboard; sourceTree = "<group>"; };
		9328AF751D6616C700E6B0E2 /* Info.plist */ = {isa = PBXFileReference; lastKnownFileType = text.plist.xml; path = Info.plist; sourceTree = "<group>"; };
		9328AF7A1D6616C700E6B0E2 /* Gasteizko MargolariakTests.xctest */ = {isa = PBXFileReference; explicitFileType = wrapper.cfbundle; includeInIndex = 0; path = "Gasteizko MargolariakTests.xctest"; sourceTree = BUILT_PRODUCTS_DIR; };
		9328AF7E1D6616C700E6B0E2 /* Gasteizko_MargolariakTests.swift */ = {isa = PBXFileReference; lastKnownFileType = sourcecode.swift; path = Gasteizko_MargolariakTests.swift; sourceTree = "<group>"; };
		9328AF801D6616C700E6B0E2 /* Info.plist */ = {isa = PBXFileReference; lastKnownFileType = text.plist.xml; path = Info.plist; sourceTree = "<group>"; };
		9328AF851D6616C700E6B0E2 /* Gasteizko MargolariakUITests.xctest */ = {isa = PBXFileReference; explicitFileType = wrapper.cfbundle; includeInIndex = 0; path = "Gasteizko MargolariakUITests.xctest"; sourceTree = BUILT_PRODUCTS_DIR; };
		9328AF891D6616C700E6B0E2 /* Gasteizko_MargolariakUITests.swift */ = {isa = PBXFileReference; lastKnownFileType = sourcecode.swift; path = Gasteizko_MargolariakUITests.swift; sourceTree = "<group>"; };
		9328AF8B1D6616C700E6B0E2 /* Info.plist */ = {isa = PBXFileReference; lastKnownFileType = text.plist.xml; path = Info.plist; sourceTree = "<group>"; };
		9338BE0C1D6B840D00D2735B /* MainViewController.swift */ = {isa = PBXFileReference; fileEncoding = 4; lastKnownFileType = sourcecode.swift; path = MainViewController.swift; sourceTree = "<group>"; };
		9338BE0E1D6B84D700D2735B /* SlideMenuController.swift */ = {isa = PBXFileReference; fileEncoding = 4; lastKnownFileType = sourcecode.swift; path = SlideMenuController.swift; sourceTree = "<group>"; };
		9338BE101D6B8D9A00D2735B /* LeftViewController.swift */ = {isa = PBXFileReference; fileEncoding = 4; lastKnownFileType = sourcecode.swift; path = LeftViewController.swift; sourceTree = "<group>"; };
		9338BE141D6B8E3000D2735B /* ImageHeaderView.swift */ = {isa = PBXFileReference; fileEncoding = 4; lastKnownFileType = sourcecode.swift; path = ImageHeaderView.swift; sourceTree = "<group>"; };
		93B05E281D6BA1EF00D909F9 /* HomeViewController.swift */ = {isa = PBXFileReference; fileEncoding = 4; lastKnownFileType = sourcecode.swift; path = HomeViewController.swift; sourceTree = "<group>"; };
		93B05E2A1D6BA23A00D909F9 /* LocationViewController.swift */ = {isa = PBXFileReference; fileEncoding = 4; lastKnownFileType = sourcecode.swift; path = LocationViewController.swift; sourceTree = "<group>"; };
		93B05E2C1D6BA27200D909F9 /* LablancaViewController.swift */ = {isa = PBXFileReference; fileEncoding = 4; lastKnownFileType = sourcecode.swift; path = LablancaViewController.swift; sourceTree = "<group>"; };
		93B05E2E1D6BA29A00D909F9 /* ScheduleViewController.swift */ = {isa = PBXFileReference; fileEncoding = 4; lastKnownFileType = sourcecode.swift; path = ScheduleViewController.swift; sourceTree = "<group>"; };
		93B05E301D6BA2BD00D909F9 /* GmscheduleViewController.swift */ = {isa = PBXFileReference; fileEncoding = 4; lastKnownFileType = sourcecode.swift; path = GmscheduleViewController.swift; sourceTree = "<group>"; };
		93B05E321D6BA2E600D909F9 /* ActivitiesViewController.swift */ = {isa = PBXFileReference; fileEncoding = 4; lastKnownFileType = sourcecode.swift; path = ActivitiesViewController.swift; sourceTree = "<group>"; };
		93B05E341D6BA30E00D909F9 /* BlogViewController.swift */ = {isa = PBXFileReference; fileEncoding = 4; lastKnownFileType = sourcecode.swift; path = BlogViewController.swift; sourceTree = "<group>"; };
		93B05E361D6BA33600D909F9 /* GalleryViewController.swift */ = {isa = PBXFileReference; fileEncoding = 4; lastKnownFileType = sourcecode.swift; path = GalleryViewController.swift; sourceTree = "<group>"; };
		93B05E381D6BA35200D909F9 /* SettingsViewController.swift */ = {isa = PBXFileReference; fileEncoding = 4; lastKnownFileType = sourcecode.swift; path = SettingsViewController.swift; sourceTree = "<group>"; };
		93B2BE7F1D6B8F05007CBED3 /* BaseTableViewCell.swift */ = {isa = PBXFileReference; fileEncoding = 4; lastKnownFileType = sourcecode.swift; path = BaseTableViewCell.swift; sourceTree = "<group>"; };
		93B2BE871D6B8F9C007CBED3 /* DataTableViewCell.swift */ = {isa = PBXFileReference; fileEncoding = 4; lastKnownFileType = sourcecode.swift; path = DataTableViewCell.swift; sourceTree = "<group>"; };
		93B2BE881D6B8F9C007CBED3 /* DataTableViewCell.xib */ = {isa = PBXFileReference; fileEncoding = 4; lastKnownFileType = file.xib; path = DataTableViewCell.xib; sourceTree = "<group>"; };
		93B2BE891D6B8F9C007CBED3 /* ExSlideMenuController.swift */ = {isa = PBXFileReference; fileEncoding = 4; lastKnownFileType = sourcecode.swift; path = ExSlideMenuController.swift; sourceTree = "<group>"; };
		93B2BE8A1D6B8F9C007CBED3 /* ImageHeaderView.xib */ = {isa = PBXFileReference; fileEncoding = 4; lastKnownFileType = file.xib; path = ImageHeaderView.xib; sourceTree = "<group>"; };
		93B2BE8C1D6B8F9D007CBED3 /* SlideMenuControllerSwift.xcdatamodel */ = {isa = PBXFileReference; lastKnownFileType = wrapper.xcdatamodel; path = SlideMenuControllerSwift.xcdatamodel; sourceTree = "<group>"; };
		93B2BE8D1D6B8F9D007CBED3 /* String.swift */ = {isa = PBXFileReference; fileEncoding = 4; lastKnownFileType = sourcecode.swift; path = String.swift; sourceTree = "<group>"; };
		93B2BE8E1D6B8F9D007CBED3 /* SubContentsViewController.storyboard */ = {isa = PBXFileReference; fileEncoding = 4; lastKnownFileType = file.storyboard; path = SubContentsViewController.storyboard; sourceTree = "<group>"; };
		93B2BE8F1D6B8F9D007CBED3 /* SubContentsViewController.swift */ = {isa = PBXFileReference; fileEncoding = 4; lastKnownFileType = sourcecode.swift; path = SubContentsViewController.swift; sourceTree = "<group>"; };
		93B2BE901D6B8F9D007CBED3 /* UIApplication.swift */ = {isa = PBXFileReference; fileEncoding = 4; lastKnownFileType = sourcecode.swift; path = UIApplication.swift; sourceTree = "<group>"; };
		93B2BE911D6B8F9D007CBED3 /* UIColor.swift */ = {isa = PBXFileReference; fileEncoding = 4; lastKnownFileType = sourcecode.swift; path = UIColor.swift; sourceTree = "<group>"; };
		93B2BE921D6B8F9D007CBED3 /* UIImage.swift */ = {isa = PBXFileReference; fileEncoding = 4; lastKnownFileType = sourcecode.swift; path = UIImage.swift; sourceTree = "<group>"; };
		93B2BE931D6B8F9D007CBED3 /* UIImageView.swift */ = {isa = PBXFileReference; fileEncoding = 4; lastKnownFileType = sourcecode.swift; path = UIImageView.swift; sourceTree = "<group>"; };
		93B2BE941D6B8F9D007CBED3 /* UITableViewExtension.swift */ = {isa = PBXFileReference; fileEncoding = 4; lastKnownFileType = sourcecode.swift; path = UITableViewExtension.swift; sourceTree = "<group>"; };
		93B2BE951D6B8F9D007CBED3 /* UIView.swift */ = {isa = PBXFileReference; fileEncoding = 4; lastKnownFileType = sourcecode.swift; path = UIView.swift; sourceTree = "<group>"; };
		93B2BE961D6B8F9D007CBED3 /* UIViewController.swift */ = {isa = PBXFileReference; fileEncoding = 4; lastKnownFileType = sourcecode.swift; path = UIViewController.swift; sourceTree = "<group>"; };
		93B2BEA61D6B8FEA007CBED3 /* Assets.xcassets */ = {isa = PBXFileReference; lastKnownFileType = folder.assetcatalog; path = Assets.xcassets; sourceTree = "<group>"; };
		93B2BEA71D6B8FEA007CBED3 /* Base.lproj */ = {isa = PBXFileReference; lastKnownFileType = folder; path = Base.lproj; sourceTree = "<group>"; };
		93B2BEA81D6B8FEA007CBED3 /* Images.xcassets */ = {isa = PBXFileReference; lastKnownFileType = folder.assetcatalog; path = Images.xcassets; sourceTree = "<group>"; };
		93B2BEAB1D6B8FEA007CBED3 /* SlideMenuControllerSwift.xcdatamodel */ = {isa = PBXFileReference; lastKnownFileType = wrapper.xcdatamodel; path = SlideMenuControllerSwift.xcdatamodel; sourceTree = "<group>"; };
/* End PBXFileReference section */

/* Begin PBXFrameworksBuildPhase section */
		9328AF631D6616C700E6B0E2 /* Frameworks */ = {
			isa = PBXFrameworksBuildPhase;
			buildActionMask = 2147483647;
			files = (
			);
			runOnlyForDeploymentPostprocessing = 0;
		};
		9328AF771D6616C700E6B0E2 /* Frameworks */ = {
			isa = PBXFrameworksBuildPhase;
			buildActionMask = 2147483647;
			files = (
			);
			runOnlyForDeploymentPostprocessing = 0;
		};
		9328AF821D6616C700E6B0E2 /* Frameworks */ = {
			isa = PBXFrameworksBuildPhase;
			buildActionMask = 2147483647;
			files = (
			);
			runOnlyForDeploymentPostprocessing = 0;
		};
/* End PBXFrameworksBuildPhase section */

/* Begin PBXGroup section */
		9328AF5D1D6616C700E6B0E2 = {
			isa = PBXGroup;
			children = (
				9315AB331D6BB56D00BEBCD3 /* README.md */,
				9328AF681D6616C700E6B0E2 /* Gasteizko Margolariak */,
				9328AF7D1D6616C700E6B0E2 /* Gasteizko MargolariakTests */,
				9328AF881D6616C700E6B0E2 /* Gasteizko MargolariakUITests */,
				9328AF671D6616C700E6B0E2 /* Products */,
			);
			sourceTree = "<group>";
		};
		9328AF671D6616C700E6B0E2 /* Products */ = {
			isa = PBXGroup;
			children = (
				9328AF661D6616C700E6B0E2 /* Gasteizko Margolariak.app */,
				9328AF7A1D6616C700E6B0E2 /* Gasteizko MargolariakTests.xctest */,
				9328AF851D6616C700E6B0E2 /* Gasteizko MargolariakUITests.xctest */,
			);
			name = Products;
			sourceTree = "<group>";
		};
		9328AF681D6616C700E6B0E2 /* Gasteizko Margolariak */ = {
			isa = PBXGroup;
			children = (
				9310BCBC1D6B9E4700C93AFA /* res */,
				93B2BEA61D6B8FEA007CBED3 /* Assets.xcassets */,
				93B2BEA71D6B8FEA007CBED3 /* Base.lproj */,
				93B2BEA81D6B8FEA007CBED3 /* Images.xcassets */,
				93B2BEAA1D6B8FEA007CBED3 /* SlideMenuControllerSwift.xcdatamodeld */,
				93B2BE871D6B8F9C007CBED3 /* DataTableViewCell.swift */,
				93B2BE881D6B8F9C007CBED3 /* DataTableViewCell.xib */,
				93B2BE891D6B8F9C007CBED3 /* ExSlideMenuController.swift */,
				93B2BE8A1D6B8F9C007CBED3 /* ImageHeaderView.xib */,
				93B2BE8B1D6B8F9C007CBED3 /* SlideMenuControllerSwift.xcdatamodeld */,
				93B2BE8D1D6B8F9D007CBED3 /* String.swift */,
				93B2BE8E1D6B8F9D007CBED3 /* SubContentsViewController.storyboard */,
				93B2BE8F1D6B8F9D007CBED3 /* SubContentsViewController.swift */,
				93B2BE901D6B8F9D007CBED3 /* UIApplication.swift */,
				93B2BE911D6B8F9D007CBED3 /* UIColor.swift */,
				93B2BE921D6B8F9D007CBED3 /* UIImage.swift */,
				93B2BE931D6B8F9D007CBED3 /* UIImageView.swift */,
				93B2BE941D6B8F9D007CBED3 /* UITableViewExtension.swift */,
				93B2BE951D6B8F9D007CBED3 /* UIView.swift */,
				93B2BE961D6B8F9D007CBED3 /* UIViewController.swift */,
				93B2BE7F1D6B8F05007CBED3 /* BaseTableViewCell.swift */,
				9338BE141D6B8E3000D2735B /* ImageHeaderView.swift */,
				9328AF691D6616C700E6B0E2 /* AppDelegate.swift */,
				9338BE101D6B8D9A00D2735B /* LeftViewController.swift */,
				9328AF6B1D6616C700E6B0E2 /* ViewController.swift */,
				9338BE0C1D6B840D00D2735B /* MainViewController.swift */,
				93B05E361D6BA33600D909F9 /* GalleryViewController.swift */,
				93B05E381D6BA35200D909F9 /* SettingsViewController.swift */,
				93B05E341D6BA30E00D909F9 /* BlogViewController.swift */,
				9328AF6D1D6616C700E6B0E2 /* Main.storyboard */,
				9328AF701D6616C700E6B0E2 /* Assets.xcassets */,
				9328AF721D6616C700E6B0E2 /* LaunchScreen.storyboard */,
				9328AF751D6616C700E6B0E2 /* Info.plist */,
				9338BE0E1D6B84D700D2735B /* SlideMenuController.swift */,
				93B05E321D6BA2E600D909F9 /* ActivitiesViewController.swift */,
				93B05E281D6BA1EF00D909F9 /* HomeViewController.swift */,
				93B05E2A1D6BA23A00D909F9 /* LocationViewController.swift */,
				93B05E2C1D6BA27200D909F9 /* LablancaViewController.swift */,
				93B05E2E1D6BA29A00D909F9 /* ScheduleViewController.swift */,
				93B05E301D6BA2BD00D909F9 /* GmscheduleViewController.swift */,
			);
			path = "Gasteizko Margolariak";
			sourceTree = "<group>";
		};
		9328AF7D1D6616C700E6B0E2 /* Gasteizko MargolariakTests */ = {
			isa = PBXGroup;
			children = (
				9328AF7E1D6616C700E6B0E2 /* Gasteizko_MargolariakTests.swift */,
				9328AF801D6616C700E6B0E2 /* Info.plist */,
			);
			path = "Gasteizko MargolariakTests";
			sourceTree = "<group>";
		};
		9328AF881D6616C700E6B0E2 /* Gasteizko MargolariakUITests */ = {
			isa = PBXGroup;
			children = (
				9328AF891D6616C700E6B0E2 /* Gasteizko_MargolariakUITests.swift */,
				9328AF8B1D6616C700E6B0E2 /* Info.plist */,
			);
			path = "Gasteizko MargolariakUITests";
			sourceTree = "<group>";
		};
/* End PBXGroup section */

/* Begin PBXNativeTarget section */
		9328AF651D6616C700E6B0E2 /* Gasteizko Margolariak */ = {
			isa = PBXNativeTarget;
			buildConfigurationList = 9328AF8E1D6616C700E6B0E2 /* Build configuration list for PBXNativeTarget "Gasteizko Margolariak" */;
			buildPhases = (
				9328AF621D6616C700E6B0E2 /* Sources */,
				9328AF631D6616C700E6B0E2 /* Frameworks */,
				9328AF641D6616C700E6B0E2 /* Resources */,
			);
			buildRules = (
			);
			dependencies = (
			);
			name = "Gasteizko Margolariak";
			productName = "Gasteizko Margolariak";
			productReference = 9328AF661D6616C700E6B0E2 /* Gasteizko Margolariak.app */;
			productType = "com.apple.product-type.application";
		};
		9328AF791D6616C700E6B0E2 /* Gasteizko MargolariakTests */ = {
			isa = PBXNativeTarget;
			buildConfigurationList = 9328AF911D6616C700E6B0E2 /* Build configuration list for PBXNativeTarget "Gasteizko MargolariakTests" */;
			buildPhases = (
				9328AF761D6616C700E6B0E2 /* Sources */,
				9328AF771D6616C700E6B0E2 /* Frameworks */,
				9328AF781D6616C700E6B0E2 /* Resources */,
			);
			buildRules = (
			);
			dependencies = (
				9328AF7C1D6616C700E6B0E2 /* PBXTargetDependency */,
			);
			name = "Gasteizko MargolariakTests";
			productName = "Gasteizko MargolariakTests";
			productReference = 9328AF7A1D6616C700E6B0E2 /* Gasteizko MargolariakTests.xctest */;
			productType = "com.apple.product-type.bundle.unit-test";
		};
		9328AF841D6616C700E6B0E2 /* Gasteizko MargolariakUITests */ = {
			isa = PBXNativeTarget;
			buildConfigurationList = 9328AF941D6616C700E6B0E2 /* Build configuration list for PBXNativeTarget "Gasteizko MargolariakUITests" */;
			buildPhases = (
				9328AF811D6616C700E6B0E2 /* Sources */,
				9328AF821D6616C700E6B0E2 /* Frameworks */,
				9328AF831D6616C700E6B0E2 /* Resources */,
			);
			buildRules = (
			);
			dependencies = (
				9328AF871D6616C700E6B0E2 /* PBXTargetDependency */,
			);
			name = "Gasteizko MargolariakUITests";
			productName = "Gasteizko MargolariakUITests";
			productReference = 9328AF851D6616C700E6B0E2 /* Gasteizko MargolariakUITests.xctest */;
			productType = "com.apple.product-type.bundle.ui-testing";
		};
/* End PBXNativeTarget section */

/* Begin PBXProject section */
		9328AF5E1D6616C700E6B0E2 /* Project object */ = {
			isa = PBXProject;
			attributes = {
				LastSwiftUpdateCheck = 0730;
				LastUpgradeCheck = 0730;
				ORGANIZATIONNAME = "Gasteizko Margolariak";
				TargetAttributes = {
					9328AF651D6616C700E6B0E2 = {
						CreatedOnToolsVersion = 7.3.1;
						DevelopmentTeam = B62ZJDY436;
					};
					9328AF791D6616C700E6B0E2 = {
						CreatedOnToolsVersion = 7.3.1;
						TestTargetID = 9328AF651D6616C700E6B0E2;
					};
					9328AF841D6616C700E6B0E2 = {
						CreatedOnToolsVersion = 7.3.1;
						TestTargetID = 9328AF651D6616C700E6B0E2;
					};
				};
			};
			buildConfigurationList = 9328AF611D6616C700E6B0E2 /* Build configuration list for PBXProject "Gasteizko Margolariak" */;
			compatibilityVersion = "Xcode 3.2";
			developmentRegion = English;
			hasScannedForEncodings = 0;
			knownRegions = (
				en,
				Base,
			);
			mainGroup = 9328AF5D1D6616C700E6B0E2;
			productRefGroup = 9328AF671D6616C700E6B0E2 /* Products */;
			projectDirPath = "";
			projectRoot = "";
			targets = (
				9328AF651D6616C700E6B0E2 /* Gasteizko Margolariak */,
				9328AF791D6616C700E6B0E2 /* Gasteizko MargolariakTests */,
				9328AF841D6616C700E6B0E2 /* Gasteizko MargolariakUITests */,
			);
		};
/* End PBXProject section */

/* Begin PBXResourcesBuildPhase section */
		9328AF641D6616C700E6B0E2 /* Resources */ = {
			isa = PBXResourcesBuildPhase;
			buildActionMask = 2147483647;
			files = (
				9310BCBD1D6B9E4700C93AFA /* res in Resources */,
				93B2BEAE1D6B8FEA007CBED3 /* Images.xcassets in Resources */,
				93B2BE9A1D6B8F9D007CBED3 /* ImageHeaderView.xib in Resources */,
				93B2BEAD1D6B8FEA007CBED3 /* Base.lproj in Resources */,
				93B2BE9D1D6B8F9D007CBED3 /* SubContentsViewController.storyboard in Resources */,
				9328AF711D6616C700E6B0E2 /* Assets.xcassets in Resources */,
				93B2BEAC1D6B8FEA007CBED3 /* Assets.xcassets in Resources */,
				9328AF6F1D6616C700E6B0E2 /* Main.storyboard in Resources */,
				93B2BE981D6B8F9D007CBED3 /* DataTableViewCell.xib in Resources */,
			);
			runOnlyForDeploymentPostprocessing = 0;
		};
		9328AF781D6616C700E6B0E2 /* Resources */ = {
			isa = PBXResourcesBuildPhase;
			buildActionMask = 2147483647;
			files = (
			);
			runOnlyForDeploymentPostprocessing = 0;
		};
		9328AF831D6616C700E6B0E2 /* Resources */ = {
			isa = PBXResourcesBuildPhase;
			buildActionMask = 2147483647;
			files = (
			);
			runOnlyForDeploymentPostprocessing = 0;
		};
/* End PBXResourcesBuildPhase section */

/* Begin PBXSourcesBuildPhase section */
		9328AF621D6616C700E6B0E2 /* Sources */ = {
			isa = PBXSourcesBuildPhase;
			buildActionMask = 2147483647;
			files = (
				93B05E371D6BA33600D909F9 /* GalleryViewController.swift in Sources */,
				93B2BE9F1D6B8F9D007CBED3 /* UIApplication.swift in Sources */,
				93B2BEA11D6B8F9D007CBED3 /* UIImage.swift in Sources */,
				9338BE151D6B8E3000D2735B /* ImageHeaderView.swift in Sources */,
				9328AF6C1D6616C700E6B0E2 /* ViewController.swift in Sources */,
				93B05E2F1D6BA29A00D909F9 /* ScheduleViewController.swift in Sources */,
				93B05E331D6BA2E600D909F9 /* ActivitiesViewController.swift in Sources */,
				93B2BEA31D6B8F9D007CBED3 /* UITableViewExtension.swift in Sources */,
				93B05E2B1D6BA23A00D909F9 /* LocationViewController.swift in Sources */,
				9338BE0F1D6B84D700D2735B /* SlideMenuController.swift in Sources */,
				93B2BEA41D6B8F9D007CBED3 /* UIView.swift in Sources */,
				93B2BE831D6B8F05007CBED3 /* BaseTableViewCell.swift in Sources */,
				9315AB341D6BB56D00BEBCD3 /* README.md in Sources */,
				9328AF6A1D6616C700E6B0E2 /* AppDelegate.swift in Sources */,
				93B05E291D6BA1EF00D909F9 /* HomeViewController.swift in Sources */,
				93B2BEA01D6B8F9D007CBED3 /* UIColor.swift in Sources */,
				9338BE121D6B8D9A00D2735B /* LeftViewController.swift in Sources */,
				93B05E2D1D6BA27200D909F9 /* LablancaViewController.swift in Sources */,
				93B2BEA51D6B8F9D007CBED3 /* UIViewController.swift in Sources */,
				93B2BEB01D6B8FEA007CBED3 /* SlideMenuControllerSwift.xcdatamodeld in Sources */,
				93B2BE9E1D6B8F9D007CBED3 /* SubContentsViewController.swift in Sources */,
				93B05E351D6BA30E00D909F9 /* BlogViewController.swift in Sources */,
				93B2BE991D6B8F9D007CBED3 /* ExSlideMenuController.swift in Sources */,
				93B2BE9B1D6B8F9D007CBED3 /* SlideMenuControllerSwift.xcdatamodeld in Sources */,
				9338BE0D1D6B840D00D2735B /* MainViewController.swift in Sources */,
				93B2BEA21D6B8F9D007CBED3 /* UIImageView.swift in Sources */,
				93B05E391D6BA35200D909F9 /* SettingsViewController.swift in Sources */,
				93B2BE9C1D6B8F9D007CBED3 /* String.swift in Sources */,
				93B2BE971D6B8F9D007CBED3 /* DataTableViewCell.swift in Sources */,
				93B05E311D6BA2BD00D909F9 /* GmscheduleViewController.swift in Sources */,
			);
			runOnlyForDeploymentPostprocessing = 0;
		};
		9328AF761D6616C700E6B0E2 /* Sources */ = {
			isa = PBXSourcesBuildPhase;
			buildActionMask = 2147483647;
			files = (
				9328AF7F1D6616C700E6B0E2 /* Gasteizko_MargolariakTests.swift in Sources */,
			);
			runOnlyForDeploymentPostprocessing = 0;
		};
		9328AF811D6616C700E6B0E2 /* Sources */ = {
			isa = PBXSourcesBuildPhase;
			buildActionMask = 2147483647;
			files = (
				9328AF8A1D6616C700E6B0E2 /* Gasteizko_MargolariakUITests.swift in Sources */,
			);
			runOnlyForDeploymentPostprocessing = 0;
		};
/* End PBXSourcesBuildPhase section */

/* Begin PBXTargetDependency section */
		9328AF7C1D6616C700E6B0E2 /* PBXTargetDependency */ = {
			isa = PBXTargetDependency;
			target = 9328AF651D6616C700E6B0E2 /* Gasteizko Margolariak */;
			targetProxy = 9328AF7B1D6616C700E6B0E2 /* PBXContainerItemProxy */;
		};
		9328AF871D6616C700E6B0E2 /* PBXTargetDependency */ = {
			isa = PBXTargetDependency;
			target = 9328AF651D6616C700E6B0E2 /* Gasteizko Margolariak */;
			targetProxy = 9328AF861D6616C700E6B0E2 /* PBXContainerItemProxy */;
		};
/* End PBXTargetDependency section */

/* Begin PBXVariantGroup section */
		9328AF6D1D6616C700E6B0E2 /* Main.storyboard */ = {
			isa = PBXVariantGroup;
			children = (
				9328AF6E1D6616C700E6B0E2 /* Base */,
			);
			name = Main.storyboard;
			sourceTree = "<group>";
		};
		9328AF721D6616C700E6B0E2 /* LaunchScreen.storyboard */ = {
			isa = PBXVariantGroup;
			children = (
				9328AF731D6616C700E6B0E2 /* Base */,
			);
			name = LaunchScreen.storyboard;
			sourceTree = "<group>";
		};
/* End PBXVariantGroup section */

/* Begin XCBuildConfiguration section */
		9328AF8C1D6616C700E6B0E2 /* Debug */ = {
			isa = XCBuildConfiguration;
			buildSettings = {
				ALWAYS_SEARCH_USER_PATHS = NO;
				CLANG_ANALYZER_NONNULL = YES;
				CLANG_CXX_LANGUAGE_STANDARD = "gnu++0x";
				CLANG_CXX_LIBRARY = "libc++";
				CLANG_ENABLE_MODULES = YES;
				CLANG_ENABLE_OBJC_ARC = YES;
				CLANG_WARN_BOOL_CONVERSION = YES;
				CLANG_WARN_CONSTANT_CONVERSION = YES;
				CLANG_WARN_DIRECT_OBJC_ISA_USAGE = YES_ERROR;
				CLANG_WARN_EMPTY_BODY = YES;
				CLANG_WARN_ENUM_CONVERSION = YES;
				CLANG_WARN_INT_CONVERSION = YES;
				CLANG_WARN_OBJC_ROOT_CLASS = YES_ERROR;
				CLANG_WARN_UNREACHABLE_CODE = YES;
				CLANG_WARN__DUPLICATE_METHOD_MATCH = YES;
				"CODE_SIGN_IDENTITY[sdk=iphoneos*]" = "iPhone Developer";
				COPY_PHASE_STRIP = NO;
				DEBUG_INFORMATION_FORMAT = dwarf;
				ENABLE_STRICT_OBJC_MSGSEND = YES;
				ENABLE_TESTABILITY = YES;
				GCC_C_LANGUAGE_STANDARD = gnu99;
				GCC_DYNAMIC_NO_PIC = NO;
				GCC_NO_COMMON_BLOCKS = YES;
				GCC_OPTIMIZATION_LEVEL = 0;
				GCC_PREPROCESSOR_DEFINITIONS = (
					"DEBUG=1",
					"$(inherited)",
				);
				GCC_WARN_64_TO_32_BIT_CONVERSION = YES;
				GCC_WARN_ABOUT_RETURN_TYPE = YES_ERROR;
				GCC_WARN_UNDECLARED_SELECTOR = YES;
				GCC_WARN_UNINITIALIZED_AUTOS = YES_AGGRESSIVE;
				GCC_WARN_UNUSED_FUNCTION = YES;
				GCC_WARN_UNUSED_VARIABLE = YES;
				IPHONEOS_DEPLOYMENT_TARGET = 9.3;
				MTL_ENABLE_DEBUG_INFO = YES;
				ONLY_ACTIVE_ARCH = YES;
				SDKROOT = iphoneos;
				SWIFT_OPTIMIZATION_LEVEL = "-Onone";
				TARGETED_DEVICE_FAMILY = "1,2";
			};
			name = Debug;
		};
		9328AF8D1D6616C700E6B0E2 /* Release */ = {
			isa = XCBuildConfiguration;
			buildSettings = {
				ALWAYS_SEARCH_USER_PATHS = NO;
				CLANG_ANALYZER_NONNULL = YES;
				CLANG_CXX_LANGUAGE_STANDARD = "gnu++0x";
				CLANG_CXX_LIBRARY = "libc++";
				CLANG_ENABLE_MODULES = YES;
				CLANG_ENABLE_OBJC_ARC = YES;
				CLANG_WARN_BOOL_CONVERSION = YES;
				CLANG_WARN_CONSTANT_CONVERSION = YES;
				CLANG_WARN_DIRECT_OBJC_ISA_USAGE = YES_ERROR;
				CLANG_WARN_EMPTY_BODY = YES;
				CLANG_WARN_ENUM_CONVERSION = YES;
				CLANG_WARN_INT_CONVERSION = YES;
				CLANG_WARN_OBJC_ROOT_CLASS = YES_ERROR;
				CLANG_WARN_UNREACHABLE_CODE = YES;
				CLANG_WARN__DUPLICATE_METHOD_MATCH = YES;
				"CODE_SIGN_IDENTITY[sdk=iphoneos*]" = "iPhone Developer";
				COPY_PHASE_STRIP = NO;
				DEBUG_INFORMATION_FORMAT = "dwarf-with-dsym";
				ENABLE_NS_ASSERTIONS = NO;
				ENABLE_STRICT_OBJC_MSGSEND = YES;
				GCC_C_LANGUAGE_STANDARD = gnu99;
				GCC_NO_COMMON_BLOCKS = YES;
				GCC_WARN_64_TO_32_BIT_CONVERSION = YES;
				GCC_WARN_ABOUT_RETURN_TYPE = YES_ERROR;
				GCC_WARN_UNDECLARED_SELECTOR = YES;
				GCC_WARN_UNINITIALIZED_AUTOS = YES_AGGRESSIVE;
				GCC_WARN_UNUSED_FUNCTION = YES;
				GCC_WARN_UNUSED_VARIABLE = YES;
				IPHONEOS_DEPLOYMENT_TARGET = 9.3;
				MTL_ENABLE_DEBUG_INFO = NO;
				SDKROOT = iphoneos;
				TARGETED_DEVICE_FAMILY = "1,2";
				VALIDATE_PRODUCT = YES;
			};
			name = Release;
		};
		9328AF8F1D6616C700E6B0E2 /* Debug */ = {
			isa = XCBuildConfiguration;
			buildSettings = {
				ASSETCATALOG_COMPILER_APPICON_NAME = AppIcon;
				CODE_SIGN_IDENTITY = "iPhone Developer";
				"CODE_SIGN_IDENTITY[sdk=iphoneos*]" = "iPhone Developer";
				INFOPLIST_FILE = "Gasteizko Margolariak/Info.plist";
				LD_RUNPATH_SEARCH_PATHS = "$(inherited) @executable_path/Frameworks";
				"OTHER_CODE_SIGN_FLAGS[sdk=*]" = "--deep";
				PRODUCT_BUNDLE_IDENTIFIER = "com.gm.Gasteizko-Margolariak";
				PRODUCT_NAME = "$(TARGET_NAME)";
				PROVISIONING_PROFILE = "";
			};
			name = Debug;
		};
		9328AF901D6616C700E6B0E2 /* Release */ = {
			isa = XCBuildConfiguration;
			buildSettings = {
				ASSETCATALOG_COMPILER_APPICON_NAME = AppIcon;
				CODE_SIGN_IDENTITY = "iPhone Developer";
				"CODE_SIGN_IDENTITY[sdk=iphoneos*]" = "iPhone Developer";
				INFOPLIST_FILE = "Gasteizko Margolariak/Info.plist";
				LD_RUNPATH_SEARCH_PATHS = "$(inherited) @executable_path/Frameworks";
				"OTHER_CODE_SIGN_FLAGS[sdk=*]" = "--deep";
				PRODUCT_BUNDLE_IDENTIFIER = "com.gm.Gasteizko-Margolariak";
				PRODUCT_NAME = "$(TARGET_NAME)";
				PROVISIONING_PROFILE = "";
			};
			name = Release;
		};
		9328AF921D6616C700E6B0E2 /* Debug */ = {
			isa = XCBuildConfiguration;
			buildSettings = {
				BUNDLE_LOADER = "$(TEST_HOST)";
				INFOPLIST_FILE = "Gasteizko MargolariakTests/Info.plist";
				LD_RUNPATH_SEARCH_PATHS = "$(inherited) @executable_path/Frameworks @loader_path/Frameworks";
				PRODUCT_BUNDLE_IDENTIFIER = "com.gm.Gasteizko-MargolariakTests";
				PRODUCT_NAME = "$(TARGET_NAME)";
				TEST_HOST = "$(BUILT_PRODUCTS_DIR)/Gasteizko Margolariak.app/Gasteizko Margolariak";
			};
			name = Debug;
		};
		9328AF931D6616C700E6B0E2 /* Release */ = {
			isa = XCBuildConfiguration;
			buildSettings = {
				BUNDLE_LOADER = "$(TEST_HOST)";
				INFOPLIST_FILE = "Gasteizko MargolariakTests/Info.plist";
				LD_RUNPATH_SEARCH_PATHS = "$(inherited) @executable_path/Frameworks @loader_path/Frameworks";
				PRODUCT_BUNDLE_IDENTIFIER = "com.gm.Gasteizko-MargolariakTests";
				PRODUCT_NAME = "$(TARGET_NAME)";
				TEST_HOST = "$(BUILT_PRODUCTS_DIR)/Gasteizko Margolariak.app/Gasteizko Margolariak";
			};
			name = Release;
		};
		9328AF951D6616C700E6B0E2 /* Debug */ = {
			isa = XCBuildConfiguration;
			buildSettings = {
				INFOPLIST_FILE = "Gasteizko MargolariakUITests/Info.plist";
				LD_RUNPATH_SEARCH_PATHS = "$(inherited) @executable_path/Frameworks @loader_path/Frameworks";
				PRODUCT_BUNDLE_IDENTIFIER = "com.gm.Gasteizko-MargolariakUITests";
				PRODUCT_NAME = "$(TARGET_NAME)";
				TEST_TARGET_NAME = "Gasteizko Margolariak";
			};
			name = Debug;
		};
		9328AF961D6616C700E6B0E2 /* Release */ = {
			isa = XCBuildConfiguration;
			buildSettings = {
				INFOPLIST_FILE = "Gasteizko MargolariakUITests/Info.plist";
				LD_RUNPATH_SEARCH_PATHS = "$(inherited) @executable_path/Frameworks @loader_path/Frameworks";
				PRODUCT_BUNDLE_IDENTIFIER = "com.gm.Gasteizko-MargolariakUITests";
				PRODUCT_NAME = "$(TARGET_NAME)";
				TEST_TARGET_NAME = "Gasteizko Margolariak";
			};
			name = Release;
		};
/* End XCBuildConfiguration section */

/* Begin XCConfigurationList section */
		9328AF611D6616C700E6B0E2 /* Build configuration list for PBXProject "Gasteizko Margolariak" */ = {
			isa = XCConfigurationList;
			buildConfigurations = (
				9328AF8C1D6616C700E6B0E2 /* Debug */,
				9328AF8D1D6616C700E6B0E2 /* Release */,
			);
			defaultConfigurationIsVisible = 0;
			defaultConfigurationName = Release;
		};
		9328AF8E1D6616C700E6B0E2 /* Build configuration list for PBXNativeTarget "Gasteizko Margolariak" */ = {
			isa = XCConfigurationList;
			buildConfigurations = (
				9328AF8F1D6616C700E6B0E2 /* Debug */,
				9328AF901D6616C700E6B0E2 /* Release */,
			);
			defaultConfigurationIsVisible = 0;
			defaultConfigurationName = Release;
		};
		9328AF911D6616C700E6B0E2 /* Build configuration list for PBXNativeTarget "Gasteizko MargolariakTests" */ = {
			isa = XCConfigurationList;
			buildConfigurations = (
				9328AF921D6616C700E6B0E2 /* Debug */,
				9328AF931D6616C700E6B0E2 /* Release */,
			);
			defaultConfigurationIsVisible = 0;
			defaultConfigurationName = Release;
		};
		9328AF941D6616C700E6B0E2 /* Build configuration list for PBXNativeTarget "Gasteizko MargolariakUITests" */ = {
			isa = XCConfigurationList;
			buildConfigurations = (
				9328AF951D6616C700E6B0E2 /* Debug */,
				9328AF961D6616C700E6B0E2 /* Release */,
			);
			defaultConfigurationIsVisible = 0;
			defaultConfigurationName = Release;
		};
/* End XCConfigurationList section */

/* Begin XCVersionGroup section */
		93B2BE8B1D6B8F9C007CBED3 /* SlideMenuControllerSwift.xcdatamodeld */ = {
			isa = XCVersionGroup;
			children = (
				93B2BE8C1D6B8F9D007CBED3 /* SlideMenuControllerSwift.xcdatamodel */,
			);
			currentVersion = 93B2BE8C1D6B8F9D007CBED3 /* SlideMenuControllerSwift.xcdatamodel */;
			path = SlideMenuControllerSwift.xcdatamodeld;
			sourceTree = "<group>";
			versionGroupType = wrapper.xcdatamodel;
		};
		93B2BEAA1D6B8FEA007CBED3 /* SlideMenuControllerSwift.xcdatamodeld */ = {
			isa = XCVersionGroup;
			children = (
				93B2BEAB1D6B8FEA007CBED3 /* SlideMenuControllerSwift.xcdatamodel */,
			);
			currentVersion = 93B2BEAB1D6B8FEA007CBED3 /* SlideMenuControllerSwift.xcdatamodel */;
			path = SlideMenuControllerSwift.xcdatamodeld;
			sourceTree = "<group>";
			versionGroupType = wrapper.xcdatamodel;
		};
/* End XCVersionGroup section */
	};
	rootObject = 9328AF5E1D6616C700E6B0E2 /* Project object */;
}
